
Microsoft Visual Studio Solution File, Format Version 12.00
# Visual Studio Version 17
VisualStudioVersion = 17.8.34511.84
MinimumVisualStudioVersion = 10.0.40219.1
Project("{FAE04EC0-301F-11D3-BF4B-00C04F79EFBC}") = "SimpleChess", "SimpleChess.csproj", "{AFBCB8DF-4BA2-44E4-A942-6F32393DD0CA}"
EndProject
Global
	GlobalSection(SolutionConfigurationPlatforms) = preSolution
		Debug|Any CPU = Debug|Any CPU
		Release|Any CPU = Release|Any CPU
	EndGlobalSection
	GlobalSection(ProjectConfigurationPlatforms) = postSolution
		{AFBCB8DF-4BA2-44E4-A942-6F32393DD0CA}.Debug|Any CPU.ActiveCfg = Debug|Any CPU
		{AFBCB8DF-4BA2-44E4-A942-6F32393DD0CA}.Debug|Any CPU.Build.0 = Debug|Any CPU
		{AFBCB8DF-4BA2-44E4-A942-6F32393DD0CA}.Release|Any CPU.ActiveCfg = Release|Any CPU
		{AFBCB8DF-4BA2-44E4-A942-6F32393DD0CA}.Release|Any CPU.Build.0 = Release|Any CPU
	EndGlobalSection
	GlobalSection(SolutionProperties) = preSolution
		HideSolutionNode = FALSE
	EndGlobalSection
	GlobalSection(ExtensibilityGlobals) = postSolution
		SolutionGuid = {4937B367-7D77-46C3-96B9-FC48B4DCE437}
	EndGlobalSection
EndGlobal
